// !$*UTF8*$!
{
	archiveVersion = 1;
	classes = {
	};
	objectVersion = 50;
	objects = {

/* Begin PBXBuildFile section */
		372598C520DFDD8600F8B493 /* AppDelegate.swift in Sources */ = {isa = PBXBuildFile; fileRef = 372598C420DFDD8600F8B493 /* AppDelegate.swift */; };
		372598C720DFDD8600F8B493 /* ViewController.swift in Sources */ = {isa = PBXBuildFile; fileRef = 372598C620DFDD8600F8B493 /* ViewController.swift */; };
		372598CC20DFDD8800F8B493 /* Assets.xcassets in Resources */ = {isa = PBXBuildFile; fileRef = 372598CB20DFDD8800F8B493 /* Assets.xcassets */; };
		372598CF20DFDD8800F8B493 /* LaunchScreen.storyboard in Resources */ = {isa = PBXBuildFile; fileRef = 372598CD20DFDD8800F8B493 /* LaunchScreen.storyboard */; };
		3731087520DFCE270046B4EC /* WebServiceProxy.swift in Sources */ = {isa = PBXBuildFile; fileRef = 3731087420DFCE270046B4EC /* WebServiceProxy.swift */; };
		375C10B2220F0B0A00295C8A /* Kilo.framework in Frameworks */ = {isa = PBXBuildFile; fileRef = 378C659D20DFCC0B0026158E /* Kilo.framework */; };
		375C10B3220F0B0A00295C8A /* Kilo.framework in Embed Frameworks */ = {isa = PBXBuildFile; fileRef = 378C659D20DFCC0B0026158E /* Kilo.framework */; settings = {ATTRIBUTES = (CodeSignOnCopy, RemoveHeadersOnCopy, ); }; };
		378F659820E2BAD200D4440E /* test.txt in Resources */ = {isa = PBXBuildFile; fileRef = 378F659620E2BAD100D4440E /* test.txt */; };
		378F659920E2BAD200D4440E /* test.jpg in Resources */ = {isa = PBXBuildFile; fileRef = 378F659720E2BAD100D4440E /* test.jpg */; };
		37CF6F96218F47C800AE42F4 /* Lima.framework in Frameworks */ = {isa = PBXBuildFile; fileRef = 37CF6F95218F47C800AE42F4 /* Lima.framework */; };
		37CF6F97218F47C800AE42F4 /* Lima.framework in Embed Frameworks */ = {isa = PBXBuildFile; fileRef = 37CF6F95218F47C800AE42F4 /* Lima.framework */; settings = {ATTRIBUTES = (CodeSignOnCopy, RemoveHeadersOnCopy, ); }; };
		37E16A1A2242E45A0041CC98 /* Settings.bundle in Resources */ = {isa = PBXBuildFile; fileRef = 37E16A192242E45A0041CC98 /* Settings.bundle */; };
/* End PBXBuildFile section */

/* Begin PBXContainerItemProxy section */
		375C10B4220F0B0A00295C8A /* PBXContainerItemProxy */ = {
			isa = PBXContainerItemProxy;
			containerPortal = 378C659420DFCC0B0026158E /* Project object */;
			proxyType = 1;
			remoteGlobalIDString = 378C659C20DFCC0B0026158E;
			remoteInfo = Kilo;
		};
/* End PBXContainerItemProxy section */

/* Begin PBXCopyFilesBuildPhase section */
		372598EA20DFDE4200F8B493 /* Embed Frameworks */ = {
			isa = PBXCopyFilesBuildPhase;
			buildActionMask = 2147483647;
			dstPath = "";
			dstSubfolderSpec = 10;
			files = (
				37CF6F97218F47C800AE42F4 /* Lima.framework in Embed Frameworks */,
				375C10B3220F0B0A00295C8A /* Kilo.framework in Embed Frameworks */,
			);
			name = "Embed Frameworks";
			runOnlyForDeploymentPostprocessing = 0;
		};
/* End PBXCopyFilesBuildPhase section */

/* Begin PBXFileReference section */
		372598C220DFDD8600F8B493 /* KiloTest.app */ = {isa = PBXFileReference; explicitFileType = wrapper.application; includeInIndex = 0; path = KiloTest.app; sourceTree = BUILT_PRODUCTS_DIR; };
		372598C420DFDD8600F8B493 /* AppDelegate.swift */ = {isa = PBXFileReference; lastKnownFileType = sourcecode.swift; path = AppDelegate.swift; sourceTree = "<group>"; };
		372598C620DFDD8600F8B493 /* ViewController.swift */ = {isa = PBXFileReference; lastKnownFileType = sourcecode.swift; path = ViewController.swift; sourceTree = "<group>"; };
		372598CB20DFDD8800F8B493 /* Assets.xcassets */ = {isa = PBXFileReference; lastKnownFileType = folder.assetcatalog; path = Assets.xcassets; sourceTree = "<group>"; };
		372598CE20DFDD8800F8B493 /* Base */ = {isa = PBXFileReference; lastKnownFileType = file.storyboard; name = Base; path = Base.lproj/LaunchScreen.storyboard; sourceTree = "<group>"; };
		372598D020DFDD8800F8B493 /* Info.plist */ = {isa = PBXFileReference; lastKnownFileType = text.plist.xml; path = Info.plist; sourceTree = "<group>"; };
		3731087420DFCE270046B4EC /* WebServiceProxy.swift */ = {isa = PBXFileReference; lastKnownFileType = sourcecode.swift; path = WebServiceProxy.swift; sourceTree = "<group>"; };
		378C659D20DFCC0B0026158E /* Kilo.framework */ = {isa = PBXFileReference; explicitFileType = wrapper.framework; includeInIndex = 0; path = Kilo.framework; sourceTree = BUILT_PRODUCTS_DIR; };
		378C65A120DFCC0B0026158E /* Info.plist */ = {isa = PBXFileReference; lastKnownFileType = text.plist.xml; path = Info.plist; sourceTree = "<group>"; };
		378F659620E2BAD100D4440E /* test.txt */ = {isa = PBXFileReference; fileEncoding = 4; lastKnownFileType = text; path = test.txt; sourceTree = "<group>"; };
		378F659720E2BAD100D4440E /* test.jpg */ = {isa = PBXFileReference; lastKnownFileType = image.jpeg; path = test.jpg; sourceTree = "<group>"; };
		37CF6F95218F47C800AE42F4 /* Lima.framework */ = {isa = PBXFileReference; lastKnownFileType = wrapper.framework; path = Lima.framework; sourceTree = "<group>"; };
		37E16A192242E45A0041CC98 /* Settings.bundle */ = {isa = PBXFileReference; lastKnownFileType = "wrapper.plug-in"; path = Settings.bundle; sourceTree = "<group>"; };
/* End PBXFileReference section */

/* Begin PBXFrameworksBuildPhase section */
		372598BF20DFDD8600F8B493 /* Frameworks */ = {
			isa = PBXFrameworksBuildPhase;
			buildActionMask = 2147483647;
			files = (
				37CF6F96218F47C800AE42F4 /* Lima.framework in Frameworks */,
				375C10B2220F0B0A00295C8A /* Kilo.framework in Frameworks */,
			);
			runOnlyForDeploymentPostprocessing = 0;
		};
		378C659920DFCC0B0026158E /* Frameworks */ = {
			isa = PBXFrameworksBuildPhase;
			buildActionMask = 2147483647;
			files = (
			);
			runOnlyForDeploymentPostprocessing = 0;
		};
/* End PBXFrameworksBuildPhase section */

/* Begin PBXGroup section */
		3705419320DFF5E400A4D54B /* Frameworks */ = {
			isa = PBXGroup;
			children = (
				37CF6F95218F47C800AE42F4 /* Lima.framework */,
			);
			name = Frameworks;
			sourceTree = "<group>";
		};
		372598C320DFDD8600F8B493 /* KiloTest */ = {
			isa = PBXGroup;
			children = (
				372598C420DFDD8600F8B493 /* AppDelegate.swift */,
				372598C620DFDD8600F8B493 /* ViewController.swift */,
				372598CB20DFDD8800F8B493 /* Assets.xcassets */,
				372598CD20DFDD8800F8B493 /* LaunchScreen.storyboard */,
				372598D020DFDD8800F8B493 /* Info.plist */,
				37E16A192242E45A0041CC98 /* Settings.bundle */,
				378F659720E2BAD100D4440E /* test.jpg */,
				378F659620E2BAD100D4440E /* test.txt */,
			);
			path = KiloTest;
			sourceTree = "<group>";
		};
		378C659320DFCC0B0026158E = {
			isa = PBXGroup;
			children = (
				378C659F20DFCC0B0026158E /* Kilo */,
				372598C320DFDD8600F8B493 /* KiloTest */,
				378C659E20DFCC0B0026158E /* Products */,
				3705419320DFF5E400A4D54B /* Frameworks */,
			);
			sourceTree = "<group>";
		};
		378C659E20DFCC0B0026158E /* Products */ = {
			isa = PBXGroup;
			children = (
				378C659D20DFCC0B0026158E /* Kilo.framework */,
				372598C220DFDD8600F8B493 /* KiloTest.app */,
			);
			name = Products;
			sourceTree = "<group>";
		};
		378C659F20DFCC0B0026158E /* Kilo */ = {
			isa = PBXGroup;
			children = (
				3731087420DFCE270046B4EC /* WebServiceProxy.swift */,
				378C65A120DFCC0B0026158E /* Info.plist */,
			);
			path = Kilo;
			sourceTree = "<group>";
		};
/* End PBXGroup section */

/* Begin PBXHeadersBuildPhase section */
		378C659A20DFCC0B0026158E /* Headers */ = {
			isa = PBXHeadersBuildPhase;
			buildActionMask = 2147483647;
			files = (
			);
			runOnlyForDeploymentPostprocessing = 0;
		};
/* End PBXHeadersBuildPhase section */

/* Begin PBXNativeTarget section */
		372598C120DFDD8600F8B493 /* KiloTest */ = {
			isa = PBXNativeTarget;
			buildConfigurationList = 372598D320DFDD8800F8B493 /* Build configuration list for PBXNativeTarget "KiloTest" */;
			buildPhases = (
				372598BE20DFDD8600F8B493 /* Sources */,
				372598BF20DFDD8600F8B493 /* Frameworks */,
				372598C020DFDD8600F8B493 /* Resources */,
				372598EA20DFDE4200F8B493 /* Embed Frameworks */,
			);
			buildRules = (
			);
			dependencies = (
				375C10B5220F0B0A00295C8A /* PBXTargetDependency */,
			);
			name = KiloTest;
			productName = KiloTest;
			productReference = 372598C220DFDD8600F8B493 /* KiloTest.app */;
			productType = "com.apple.product-type.application";
		};
		378C659C20DFCC0B0026158E /* Kilo */ = {
			isa = PBXNativeTarget;
			buildConfigurationList = 378C65A520DFCC0B0026158E /* Build configuration list for PBXNativeTarget "Kilo" */;
			buildPhases = (
				378C659820DFCC0B0026158E /* Sources */,
				378C659920DFCC0B0026158E /* Frameworks */,
				378C659A20DFCC0B0026158E /* Headers */,
				378C659B20DFCC0B0026158E /* Resources */,
			);
			buildRules = (
			);
			dependencies = (
			);
			name = Kilo;
			productName = Kilo;
			productReference = 378C659D20DFCC0B0026158E /* Kilo.framework */;
			productType = "com.apple.product-type.framework";
		};
/* End PBXNativeTarget section */

/* Begin PBXProject section */
		378C659420DFCC0B0026158E /* Project object */ = {
			isa = PBXProject;
			attributes = {
				LastSwiftUpdateCheck = 0930;
				LastUpgradeCheck = 0930;
				ORGANIZATIONNAME = Kilo;
				TargetAttributes = {
					372598C120DFDD8600F8B493 = {
						CreatedOnToolsVersion = 9.3;
						LastSwiftMigration = 1020;
					};
					378C659C20DFCC0B0026158E = {
						CreatedOnToolsVersion = 9.3;
						LastSwiftMigration = 1020;
					};
				};
			};
			buildConfigurationList = 378C659720DFCC0B0026158E /* Build configuration list for PBXProject "Kilo-iOS" */;
			compatibilityVersion = "Xcode 9.3";
			developmentRegion = en;
			hasScannedForEncodings = 0;
			knownRegions = (
				en,
				Base,
			);
			mainGroup = 378C659320DFCC0B0026158E;
			productRefGroup = 378C659E20DFCC0B0026158E /* Products */;
			projectDirPath = "";
			projectRoot = "";
			targets = (
				378C659C20DFCC0B0026158E /* Kilo */,
				372598C120DFDD8600F8B493 /* KiloTest */,
			);
		};
/* End PBXProject section */

/* Begin PBXResourcesBuildPhase section */
		372598C020DFDD8600F8B493 /* Resources */ = {
			isa = PBXResourcesBuildPhase;
			buildActionMask = 2147483647;
			files = (
				372598CC20DFDD8800F8B493 /* Assets.xcassets in Resources */,
				372598CF20DFDD8800F8B493 /* LaunchScreen.storyboard in Resources */,
				37E16A1A2242E45A0041CC98 /* Settings.bundle in Resources */,
				378F659920E2BAD200D4440E /* test.jpg in Resources */,
				378F659820E2BAD200D4440E /* test.txt in Resources */,
			);
			runOnlyForDeploymentPostprocessing = 0;
		};
		378C659B20DFCC0B0026158E /* Resources */ = {
			isa = PBXResourcesBuildPhase;
			buildActionMask = 2147483647;
			files = (
			);
			runOnlyForDeploymentPostprocessing = 0;
		};
/* End PBXResourcesBuildPhase section */

/* Begin PBXSourcesBuildPhase section */
		372598BE20DFDD8600F8B493 /* Sources */ = {
			isa = PBXSourcesBuildPhase;
			buildActionMask = 2147483647;
			files = (
				372598C520DFDD8600F8B493 /* AppDelegate.swift in Sources */,
				372598C720DFDD8600F8B493 /* ViewController.swift in Sources */,
			);
			runOnlyForDeploymentPostprocessing = 0;
		};
		378C659820DFCC0B0026158E /* Sources */ = {
			isa = PBXSourcesBuildPhase;
			buildActionMask = 2147483647;
			files = (
				3731087520DFCE270046B4EC /* WebServiceProxy.swift in Sources */,
			);
			runOnlyForDeploymentPostprocessing = 0;
		};
/* End PBXSourcesBuildPhase section */

/* Begin PBXTargetDependency section */
		375C10B5220F0B0A00295C8A /* PBXTargetDependency */ = {
			isa = PBXTargetDependency;
			target = 378C659C20DFCC0B0026158E /* Kilo */;
			targetProxy = 375C10B4220F0B0A00295C8A /* PBXContainerItemProxy */;
		};
/* End PBXTargetDependency section */

/* Begin PBXVariantGroup section */
		372598CD20DFDD8800F8B493 /* LaunchScreen.storyboard */ = {
			isa = PBXVariantGroup;
			children = (
				372598CE20DFDD8800F8B493 /* Base */,
			);
			name = LaunchScreen.storyboard;
			sourceTree = "<group>";
		};
/* End PBXVariantGroup section */

/* Begin XCBuildConfiguration section */
		372598D120DFDD8800F8B493 /* Debug */ = {
			isa = XCBuildConfiguration;
			buildSettings = {
				ALWAYS_EMBED_SWIFT_STANDARD_LIBRARIES = YES;
				ASSETCATALOG_COMPILER_APPICON_NAME = AppIcon;
				CODE_SIGN_STYLE = Automatic;
				DEVELOPMENT_TEAM = FBUU23VBFN;
				FRAMEWORK_SEARCH_PATHS = (
					"$(inherited)",
					"$(PROJECT_DIR)",
				);
				INFOPLIST_FILE = KiloTest/Info.plist;
				IPHONEOS_DEPLOYMENT_TARGET = 10.3;
				LD_RUNPATH_SEARCH_PATHS = (
					"$(inherited)",
					"@executable_path/Frameworks",
				);
				PRODUCT_BUNDLE_IDENTIFIER = org.httprpc.KiloTest;
				PRODUCT_NAME = "$(TARGET_NAME)";
				SWIFT_ACTIVE_COMPILATION_CONDITIONS = DEBUG;
				SWIFT_OPTIMIZATION_LEVEL = "-Onone";
				SWIFT_VERSION = 5.0;
				TARGETED_DEVICE_FAMILY = "1,2";
			};
			name = Debug;
		};
		372598D220DFDD8800F8B493 /* Release */ = {
			isa = XCBuildConfiguration;
			buildSettings = {
				ALWAYS_EMBED_SWIFT_STANDARD_LIBRARIES = YES;
				ASSETCATALOG_COMPILER_APPICON_NAME = AppIcon;
				CODE_SIGN_STYLE = Automatic;
				DEVELOPMENT_TEAM = FBUU23VBFN;
				FRAMEWORK_SEARCH_PATHS = (
					"$(inherited)",
					"$(PROJECT_DIR)",
				);
				INFOPLIST_FILE = KiloTest/Info.plist;
				IPHONEOS_DEPLOYMENT_TARGET = 10.3;
				LD_RUNPATH_SEARCH_PATHS = (
					"$(inherited)",
					"@executable_path/Frameworks",
				);
				PRODUCT_BUNDLE_IDENTIFIER = org.httprpc.KiloTest;
				PRODUCT_NAME = "$(TARGET_NAME)";
				SWIFT_COMPILATION_MODE = wholemodule;
				SWIFT_OPTIMIZATION_LEVEL = "-O";
				SWIFT_VERSION = 5.0;
				TARGETED_DEVICE_FAMILY = "1,2";
			};
			name = Release;
		};
		378C65A320DFCC0B0026158E /* Debug */ = {
			isa = XCBuildConfiguration;
			buildSettings = {
				ALWAYS_SEARCH_USER_PATHS = NO;
				CLANG_ANALYZER_NONNULL = YES;
				CLANG_ANALYZER_NUMBER_OBJECT_CONVERSION = YES_AGGRESSIVE;
				CLANG_CXX_LANGUAGE_STANDARD = "gnu++14";
				CLANG_CXX_LIBRARY = "libc++";
				CLANG_ENABLE_MODULES = YES;
				CLANG_ENABLE_OBJC_ARC = YES;
				CLANG_ENABLE_OBJC_WEAK = YES;
				CLANG_WARN_BLOCK_CAPTURE_AUTORELEASING = YES;
				CLANG_WARN_BOOL_CONVERSION = YES;
				CLANG_WARN_COMMA = YES;
				CLANG_WARN_CONSTANT_CONVERSION = YES;
				CLANG_WARN_DEPRECATED_OBJC_IMPLEMENTATIONS = YES;
				CLANG_WARN_DIRECT_OBJC_ISA_USAGE = YES_ERROR;
				CLANG_WARN_DOCUMENTATION_COMMENTS = YES;
				CLANG_WARN_EMPTY_BODY = YES;
				CLANG_WARN_ENUM_CONVERSION = YES;
				CLANG_WARN_INFINITE_RECURSION = YES;
				CLANG_WARN_INT_CONVERSION = YES;
				CLANG_WARN_NON_LITERAL_NULL_CONVERSION = YES;
				CLANG_WARN_OBJC_IMPLICIT_RETAIN_SELF = YES;
				CLANG_WARN_OBJC_LITERAL_CONVERSION = YES;
				CLANG_WARN_OBJC_ROOT_CLASS = YES_ERROR;
				CLANG_WARN_RANGE_LOOP_ANALYSIS = YES;
				CLANG_WARN_STRICT_PROTOTYPES = YES;
				CLANG_WARN_SUSPICIOUS_MOVE = YES;
				CLANG_WARN_UNGUARDED_AVAILABILITY = YES_AGGRESSIVE;
				CLANG_WARN_UNREACHABLE_CODE = YES;
				CLANG_WARN__DUPLICATE_METHOD_MATCH = YES;
				CODE_SIGN_IDENTITY = "iPhone Developer";
				COPY_PHASE_STRIP = NO;
				CURRENT_PROJECT_VERSION = 1;
				DEBUG_INFORMATION_FORMAT = dwarf;
				ENABLE_STRICT_OBJC_MSGSEND = YES;
				ENABLE_TESTABILITY = YES;
				GCC_C_LANGUAGE_STANDARD = gnu11;
				GCC_DYNAMIC_NO_PIC = NO;
				GCC_NO_COMMON_BLOCKS = YES;
				GCC_OPTIMIZATION_LEVEL = 0;
				GCC_PREPROCESSOR_DEFINITIONS = (
					"DEBUG=1",
					"$(inherited)",
				);
				GCC_WARN_64_TO_32_BIT_CONVERSION = YES;
				GCC_WARN_ABOUT_RETURN_TYPE = YES_ERROR;
				GCC_WARN_UNDECLARED_SELECTOR = YES;
				GCC_WARN_UNINITIALIZED_AUTOS = YES_AGGRESSIVE;
				GCC_WARN_UNUSED_FUNCTION = YES;
				GCC_WARN_UNUSED_VARIABLE = YES;
				IPHONEOS_DEPLOYMENT_TARGET = 11.3;
				MTL_ENABLE_DEBUG_INFO = YES;
				ONLY_ACTIVE_ARCH = YES;
				SDKROOT = iphoneos;
				VERSIONING_SYSTEM = "apple-generic";
				VERSION_INFO_PREFIX = "";
			};
			name = Debug;
		};
		378C65A420DFCC0B0026158E /* Release */ = {
			isa = XCBuildConfiguration;
			buildSettings = {
				ALWAYS_SEARCH_USER_PATHS = NO;
				CLANG_ANALYZER_NONNULL = YES;
				CLANG_ANALYZER_NUMBER_OBJECT_CONVERSION = YES_AGGRESSIVE;
				CLANG_CXX_LANGUAGE_STANDARD = "gnu++14";
				CLANG_CXX_LIBRARY = "libc++";
				CLANG_ENABLE_MODULES = YES;
				CLANG_ENABLE_OBJC_ARC = YES;
				CLANG_ENABLE_OBJC_WEAK = YES;
				CLANG_WARN_BLOCK_CAPTURE_AUTORELEASING = YES;
				CLANG_WARN_BOOL_CONVERSION = YES;
				CLANG_WARN_COMMA = YES;
				CLANG_WARN_CONSTANT_CONVERSION = YES;
				CLANG_WARN_DEPRECATED_OBJC_IMPLEMENTATIONS = YES;
				CLANG_WARN_DIRECT_OBJC_ISA_USAGE = YES_ERROR;
				CLANG_WARN_DOCUMENTATION_COMMENTS = YES;
				CLANG_WARN_EMPTY_BODY = YES;
				CLANG_WARN_ENUM_CONVERSION = YES;
				CLANG_WARN_INFINITE_RECURSION = YES;
				CLANG_WARN_INT_CONVERSION = YES;
				CLANG_WARN_NON_LITERAL_NULL_CONVERSION = YES;
				CLANG_WARN_OBJC_IMPLICIT_RETAIN_SELF = YES;
				CLANG_WARN_OBJC_LITERAL_CONVERSION = YES;
				CLANG_WARN_OBJC_ROOT_CLASS = YES_ERROR;
				CLANG_WARN_RANGE_LOOP_ANALYSIS = YES;
				CLANG_WARN_STRICT_PROTOTYPES = YES;
				CLANG_WARN_SUSPICIOUS_MOVE = YES;
				CLANG_WARN_UNGUARDED_AVAILABILITY = YES_AGGRESSIVE;
				CLANG_WARN_UNREACHABLE_CODE = YES;
				CLANG_WARN__DUPLICATE_METHOD_MATCH = YES;
				CODE_SIGN_IDENTITY = "iPhone Developer";
				COPY_PHASE_STRIP = NO;
				CURRENT_PROJECT_VERSION = 1;
				DEBUG_INFORMATION_FORMAT = "dwarf-with-dsym";
				ENABLE_NS_ASSERTIONS = NO;
				ENABLE_STRICT_OBJC_MSGSEND = YES;
				GCC_C_LANGUAGE_STANDARD = gnu11;
				GCC_NO_COMMON_BLOCKS = YES;
				GCC_WARN_64_TO_32_BIT_CONVERSION = YES;
				GCC_WARN_ABOUT_RETURN_TYPE = YES_ERROR;
				GCC_WARN_UNDECLARED_SELECTOR = YES;
				GCC_WARN_UNINITIALIZED_AUTOS = YES_AGGRESSIVE;
				GCC_WARN_UNUSED_FUNCTION = YES;
				GCC_WARN_UNUSED_VARIABLE = YES;
				IPHONEOS_DEPLOYMENT_TARGET = 11.3;
				MTL_ENABLE_DEBUG_INFO = NO;
				SDKROOT = iphoneos;
				VALIDATE_PRODUCT = YES;
				VERSIONING_SYSTEM = "apple-generic";
				VERSION_INFO_PREFIX = "";
			};
			name = Release;
		};
		378C65A620DFCC0B0026158E /* Debug */ = {
			isa = XCBuildConfiguration;
			buildSettings = {
				CLANG_ENABLE_MODULES = YES;
				CODE_SIGN_IDENTITY = "";
				CODE_SIGN_STYLE = Automatic;
				DEFINES_MODULE = YES;
				DEVELOPMENT_TEAM = FBUU23VBFN;
				DYLIB_COMPATIBILITY_VERSION = 1;
				DYLIB_CURRENT_VERSION = 1;
				DYLIB_INSTALL_NAME_BASE = "@rpath";
				INFOPLIST_FILE = Kilo/Info.plist;
				INSTALL_PATH = "$(LOCAL_LIBRARY_DIR)/Frameworks";
				IPHONEOS_DEPLOYMENT_TARGET = 10.3;
				LD_RUNPATH_SEARCH_PATHS = (
					"$(inherited)",
					"@executable_path/Frameworks",
					"@loader_path/Frameworks",
				);
				PRODUCT_BUNDLE_IDENTIFIER = org.gkbrown.Kilo;
				PRODUCT_NAME = "$(TARGET_NAME:c99extidentifier)";
				SKIP_INSTALL = YES;
				SWIFT_OPTIMIZATION_LEVEL = "-Onone";
				SWIFT_VERSION = 5.0;
				TARGETED_DEVICE_FAMILY = "1,2";
			};
			name = Debug;
		};
		378C65A720DFCC0B0026158E /* Release */ = {
			isa = XCBuildConfiguration;
			buildSettings = {
				CLANG_ENABLE_MODULES = YES;
				CODE_SIGN_IDENTITY = "";
				CODE_SIGN_STYLE = Automatic;
				DEFINES_MODULE = YES;
				DEVELOPMENT_TEAM = FBUU23VBFN;
				DYLIB_COMPATIBILITY_VERSION = 1;
				DYLIB_CURRENT_VERSION = 1;
				DYLIB_INSTALL_NAME_BASE = "@rpath";
				INFOPLIST_FILE = Kilo/Info.plist;
				INSTALL_PATH = "$(LOCAL_LIBRARY_DIR)/Frameworks";
				IPHONEOS_DEPLOYMENT_TARGET = 10.3;
				LD_RUNPATH_SEARCH_PATHS = (
					"$(inherited)",
					"@executable_path/Frameworks",
					"@loader_path/Frameworks",
				);
				PRODUCT_BUNDLE_IDENTIFIER = org.gkbrown.Kilo;
				PRODUCT_NAME = "$(TARGET_NAME:c99extidentifier)";
				SKIP_INSTALL = YES;
				SWIFT_VERSION = 5.0;
				TARGETED_DEVICE_FAMILY = "1,2";
			};
			name = Release;
		};
/* End XCBuildConfiguration section */

/* Begin XCConfigurationList section */
		372598D320DFDD8800F8B493 /* Build configuration list for PBXNativeTarget "KiloTest" */ = {
			isa = XCConfigurationList;
			buildConfigurations = (
				372598D120DFDD8800F8B493 /* Debug */,
				372598D220DFDD8800F8B493 /* Release */,
			);
			defaultConfigurationIsVisible = 0;
			defaultConfigurationName = Release;
		};
		378C659720DFCC0B0026158E /* Build configuration list for PBXProject "Kilo-iOS" */ = {
			isa = XCConfigurationList;
			buildConfigurations = (
				378C65A320DFCC0B0026158E /* Debug */,
				378C65A420DFCC0B0026158E /* Release */,
			);
			defaultConfigurationIsVisible = 0;
			defaultConfigurationName = Release;
		};
		378C65A520DFCC0B0026158E /* Build configuration list for PBXNativeTarget "Kilo" */ = {
			isa = XCConfigurationList;
			buildConfigurations = (
				378C65A620DFCC0B0026158E /* Debug */,
				378C65A720DFCC0B0026158E /* Release */,
			);
			defaultConfigurationIsVisible = 0;
			defaultConfigurationName = Release;
		};
/* End XCConfigurationList section */
	};
	rootObject = 378C659420DFCC0B0026158E /* Project object */;
}
